
Microsoft Visual Studio Solution File, Format Version 12.00
# Visual Studio 14
VisualStudioVersion = 14.0.23107.0
MinimumVisualStudioVersion = 10.0.40219.1
Project("{9092AA53-FB77-4645-B42D-1CCCA6BD08BD}") = "Superfight", "Superfight\Superfight.njsproj", "{DBA522AE-98F6-4975-BAA5-2612F39EEF61}"
EndProject
Global
	GlobalSection(SolutionConfigurationPlatforms) = preSolution
		Debug|Any CPU = Debug|Any CPU
		Release|Any CPU = Release|Any CPU
	EndGlobalSection
	GlobalSection(ProjectConfigurationPlatforms) = postSolution
		{DBA522AE-98F6-4975-BAA5-2612F39EEF61}.Debug|Any CPU.ActiveCfg = Debug|Any CPU
		{DBA522AE-98F6-4975-BAA5-2612F39EEF61}.Debug|Any CPU.Build.0 = Debug|Any CPU
		{DBA522AE-98F6-4975-BAA5-2612F39EEF61}.Release|Any CPU.ActiveCfg = Release|Any CPU
		{DBA522AE-98F6-4975-BAA5-2612F39EEF61}.Release|Any CPU.Build.0 = Release|Any CPU
	EndGlobalSection
	GlobalSection(SolutionProperties) = preSolution
		HideSolutionNode = FALSE
	EndGlobalSection
EndGlobal
